lockfileVersion: '6.0'

settings:
  autoInstallPeers: true
  excludeLinksFromLockfile: false

devDependencies:
  prettier:
    specifier: ^3.3.3
    version: 3.3.3
  typescript:
    specifier: ^5.6.2
    version: 5.6.2

packages:
  /prettier@3.3.3:
    resolution:
      {
        integrity: sha1-MMVP4L4NjRLmrmHbsQEJ6gDVMQU=,
        tarball: http://r.npm.sankuai.com/prettier/download/prettier-3.3.3.tgz,
      }
    engines: { node: '>=14' }
    hasBin: true
    dev: true

  /typescript@5.6.2:
    resolution:
      {
        integrity: sha1-0d5ntr73fEGCP4It+PCzvP9gpaA=,
        tarball: http://r.npm.sankuai.com/typescript/download/typescript-5.6.2.tgz,
      }
    engines: { node: '>=14.17' }
    hasBin: true
    dev: true
